Microsoft Visual Studio Solution File, Format Version 11.00
# Visual Studio 2010
Project("{FAE04EC0-301F-11D3-BF4B-00C04F79EFBC}") = "VuforiaScripts", "VuforiaScripts.csproj", "{81334AF6-B35E-11DB-BA91-64E07983638A}"
EndProject
Project("{FAE04EC0-301F-11D3-BF4B-00C04F79EFBC}") = "Assembly-CSharp", "Assembly-CSharp.csproj", "{38F7F949-8ECE-B6CA-F968-AF7FE5128411}"
EndProject
Project("{FAE04EC0-301F-11D3-BF4B-00C04F79EFBC}") = "VuforiaEditorScripts", "VuforiaEditorScripts.csproj", "{0B351AF8-1A17-5F5F-1073-5D58A3ECF247}"
EndProject
Global
	GlobalSection(SolutionConfigurationPlatforms) = preSolution
		Debug|Any CPU = Debug|Any CPU
		Release|Any CPU = Release|Any CPU
	EndGlobalSection
	GlobalSection(ProjectConfigurationPlatforms) = postSolution
		{81334AF6-B35E-11DB-BA91-64E07983638A}.Debug|Any CPU.ActiveCfg = Debug|Any CPU
		{81334AF6-B35E-11DB-BA91-64E07983638A}.Debug|Any CPU.Build.0 = Debug|Any CPU
		{81334AF6-B35E-11DB-BA91-64E07983638A}.Release|Any CPU.ActiveCfg = Release|Any CPU
		{81334AF6-B35E-11DB-BA91-64E07983638A}.Release|Any CPU.Build.0 = Release|Any CPU
		{38F7F949-8ECE-B6CA-F968-AF7FE5128411}.Debug|Any CPU.ActiveCfg = Debug|Any CPU
		{38F7F949-8ECE-B6CA-F968-AF7FE5128411}.Debug|Any CPU.Build.0 = Debug|Any CPU
		{38F7F949-8ECE-B6CA-F968-AF7FE5128411}.Release|Any CPU.ActiveCfg = Release|Any CPU
		{38F7F949-8ECE-B6CA-F968-AF7FE5128411}.Release|Any CPU.Build.0 = Release|Any CPU
		{0B351AF8-1A17-5F5F-1073-5D58A3ECF247}.Debug|Any CPU.ActiveCfg = Debug|Any CPU
		{0B351AF8-1A17-5F5F-1073-5D58A3ECF247}.Debug|Any CPU.Build.0 = Debug|Any CPU
		{0B351AF8-1A17-5F5F-1073-5D58A3ECF247}.Release|Any CPU.ActiveCfg = Release|Any CPU
		{0B351AF8-1A17-5F5F-1073-5D58A3ECF247}.Release|Any CPU.Build.0 = Release|Any CPU
	EndGlobalSection
	GlobalSection(SolutionProperties) = preSolution
		HideSolutionNode = FALSE
	EndGlobalSection
	GlobalSection(MonoDevelopProperties) = preSolution
		StartupItem = Assembly-CSharp.csproj
	EndGlobalSection
EndGlobal
